
Microsoft Visual Studio Solution File, Format Version 12.00
# Visual Studio 15
VisualStudioVersion = 15.0.26124.0
MinimumVisualStudioVersion = 15.0.26124.0
Project("{FAE04EC0-301F-11D3-BF4B-00C04F79EFBC}") = "Content.Client", "Content.Client\Content.Client.csproj", "{F2524BEF-CD40-4F05-8BB8-87102E573D03}"
EndProject
Project("{FAE04EC0-301F-11D3-BF4B-00C04F79EFBC}") = "Content.Server", "Content.Server\Content.Server.csproj", "{0848FC53-0C81-4861-86A1-9C21A8937373}"
EndProject
Project("{FAE04EC0-301F-11D3-BF4B-00C04F79EFBC}") = "Content.Shared", "Content.Shared\Content.Shared.csproj", "{56C48D9A-A3A8-40DC-8DF0-7FFD2674CC6D}"
EndProject
Project("{2150E333-8FDC-42A3-9474-1A3956D46DE8}") = "RobustToolbox", "RobustToolbox", "{F5F87A9D-C304-4833-B107-D666317F6931}"
EndProject
Project("{FAE04EC0-301F-11D3-BF4B-00C04F79EFBC}") = "Robust.Client", "RobustToolbox\Robust.Client\Robust.Client.csproj", "{2A829DE3-FCB2-4FEA-A6F3-B85122C8D11E}"
EndProject
Project("{FAE04EC0-301F-11D3-BF4B-00C04F79EFBC}") = "Robust.Physics", "RobustToolbox\Robust.Physics\Robust.Physics.csproj", "{97EBBD32-8980-4243-9F90-BC7075B3EC8F}"
EndProject
Project("{FAE04EC0-301F-11D3-BF4B-00C04F79EFBC}") = "Robust.Shared", "RobustToolbox\Robust.Shared\Robust.Shared.csproj", "{B4D5BABE-B7C5-4D73-9F8F-B5411866A1BE}"
EndProject
Project("{FAE04EC0-301F-11D3-BF4B-00C04F79EFBC}") = "Robust.Server", "RobustToolbox\Robust.Server\Robust.Server.csproj", "{68AA41CC-6095-4889-8114-B9E1B3F08B75}"
EndProject
Project("{FAE04EC0-301F-11D3-BF4B-00C04F79EFBC}") = "Robust.Shared.Maths", "RobustToolbox\Robust.Shared.Maths\Robust.Shared.Maths.csproj", "{09D5BA00-5066-4FDF-81C5-DC5E469DB11F}"
EndProject
Project("{FAE04EC0-301F-11D3-BF4B-00C04F79EFBC}") = "Robust.Shared.Scripting", "RobustToolbox\Robust.Shared.Scripting\Robust.Shared.Scripting.csproj", "{7B565BBE-97BE-4964-BA30-E9B8F70978ED}"
EndProject
Project("{2150E333-8FDC-42A3-9474-1A3956D46DE8}") = "NetSerializer", "NetSerializer", "{FBA7FDE5-3884-4C46-A14E-3CDDC9091007}"
EndProject
Project("{FAE04EC0-301F-11D3-BF4B-00C04F79EFBC}") = "NetSerializer", "RobustToolbox\NetSerializer\NetSerializer\NetSerializer.csproj", "{7D6AC09C-D5A1-436E-9437-BD3B3FCD3B64}"
EndProject
Project("{FAE04EC0-301F-11D3-BF4B-00C04F79EFBC}") = "Lidgren.Network", "RobustToolbox\Lidgren.Network\Lidgren.Network.csproj", "{12D598FD-8FFA-4BAF-8594-FDB9834144FF}"
EndProject
Global
	GlobalSection(SolutionConfigurationPlatforms) = preSolution
		Debug|Any CPU = Debug|Any CPU
		Debug|x64 = Debug|x64
		Debug|x86 = Debug|x86
		Release|Any CPU = Release|Any CPU
		Release|x64 = Release|x64
		Release|x86 = Release|x86
	EndGlobalSection
	GlobalSection(SolutionProperties) = preSolution
		HideSolutionNode = FALSE
	EndGlobalSection
	GlobalSection(ProjectConfigurationPlatforms) = postSolution
		{F2524BEF-CD40-4F05-8BB8-87102E573D03}.Debug|Any CPU.ActiveCfg = Debug|Any CPU
		{F2524BEF-CD40-4F05-8BB8-87102E573D03}.Debug|Any CPU.Build.0 = Debug|Any CPU
		{F2524BEF-CD40-4F05-8BB8-87102E573D03}.Debug|x64.ActiveCfg = Debug|Any CPU
		{F2524BEF-CD40-4F05-8BB8-87102E573D03}.Debug|x64.Build.0 = Debug|Any CPU
		{F2524BEF-CD40-4F05-8BB8-87102E573D03}.Debug|x86.ActiveCfg = Debug|Any CPU
		{F2524BEF-CD40-4F05-8BB8-87102E573D03}.Debug|x86.Build.0 = Debug|Any CPU
		{F2524BEF-CD40-4F05-8BB8-87102E573D03}.Release|Any CPU.ActiveCfg = Release|Any CPU
		{F2524BEF-CD40-4F05-8BB8-87102E573D03}.Release|Any CPU.Build.0 = Release|Any CPU
		{F2524BEF-CD40-4F05-8BB8-87102E573D03}.Release|x64.ActiveCfg = Release|Any CPU
		{F2524BEF-CD40-4F05-8BB8-87102E573D03}.Release|x64.Build.0 = Release|Any CPU
		{F2524BEF-CD40-4F05-8BB8-87102E573D03}.Release|x86.ActiveCfg = Release|Any CPU
		{F2524BEF-CD40-4F05-8BB8-87102E573D03}.Release|x86.Build.0 = Release|Any CPU
		{0848FC53-0C81-4861-86A1-9C21A8937373}.Debug|Any CPU.ActiveCfg = Debug|Any CPU
		{0848FC53-0C81-4861-86A1-9C21A8937373}.Debug|Any CPU.Build.0 = Debug|Any CPU
		{0848FC53-0C81-4861-86A1-9C21A8937373}.Debug|x64.ActiveCfg = Debug|Any CPU
		{0848FC53-0C81-4861-86A1-9C21A8937373}.Debug|x64.Build.0 = Debug|Any CPU
		{0848FC53-0C81-4861-86A1-9C21A8937373}.Debug|x86.ActiveCfg = Debug|Any CPU
		{0848FC53-0C81-4861-86A1-9C21A8937373}.Debug|x86.Build.0 = Debug|Any CPU
		{0848FC53-0C81-4861-86A1-9C21A8937373}.Release|Any CPU.ActiveCfg = Release|Any CPU
		{0848FC53-0C81-4861-86A1-9C21A8937373}.Release|Any CPU.Build.0 = Release|Any CPU
		{0848FC53-0C81-4861-86A1-9C21A8937373}.Release|x64.ActiveCfg = Release|Any CPU
		{0848FC53-0C81-4861-86A1-9C21A8937373}.Release|x64.Build.0 = Release|Any CPU
		{0848FC53-0C81-4861-86A1-9C21A8937373}.Release|x86.ActiveCfg = Release|Any CPU
		{0848FC53-0C81-4861-86A1-9C21A8937373}.Release|x86.Build.0 = Release|Any CPU
		{56C48D9A-A3A8-40DC-8DF0-7FFD2674CC6D}.Debug|Any CPU.ActiveCfg = Debug|Any CPU
		{56C48D9A-A3A8-40DC-8DF0-7FFD2674CC6D}.Debug|Any CPU.Build.0 = Debug|Any CPU
		{56C48D9A-A3A8-40DC-8DF0-7FFD2674CC6D}.Debug|x64.ActiveCfg = Debug|Any CPU
		{56C48D9A-A3A8-40DC-8DF0-7FFD2674CC6D}.Debug|x64.Build.0 = Debug|Any CPU
		{56C48D9A-A3A8-40DC-8DF0-7FFD2674CC6D}.Debug|x86.ActiveCfg = Debug|Any CPU
		{56C48D9A-A3A8-40DC-8DF0-7FFD2674CC6D}.Debug|x86.Build.0 = Debug|Any CPU
		{56C48D9A-A3A8-40DC-8DF0-7FFD2674CC6D}.Release|Any CPU.ActiveCfg = Release|Any CPU
		{56C48D9A-A3A8-40DC-8DF0-7FFD2674CC6D}.Release|Any CPU.Build.0 = Release|Any CPU
		{56C48D9A-A3A8-40DC-8DF0-7FFD2674CC6D}.Release|x64.ActiveCfg = Release|Any CPU
		{56C48D9A-A3A8-40DC-8DF0-7FFD2674CC6D}.Release|x64.Build.0 = Release|Any CPU
		{56C48D9A-A3A8-40DC-8DF0-7FFD2674CC6D}.Release|x86.ActiveCfg = Release|Any CPU
		{56C48D9A-A3A8-40DC-8DF0-7FFD2674CC6D}.Release|x86.Build.0 = Release|Any CPU
		{2A829DE3-FCB2-4FEA-A6F3-B85122C8D11E}.Debug|Any CPU.ActiveCfg = Debug|Any CPU
		{2A829DE3-FCB2-4FEA-A6F3-B85122C8D11E}.Debug|Any CPU.Build.0 = Debug|Any CPU
		{2A829DE3-FCB2-4FEA-A6F3-B85122C8D11E}.Debug|x64.ActiveCfg = Debug|Any CPU
		{2A829DE3-FCB2-4FEA-A6F3-B85122C8D11E}.Debug|x64.Build.0 = Debug|Any CPU
		{2A829DE3-FCB2-4FEA-A6F3-B85122C8D11E}.Debug|x86.ActiveCfg = Debug|Any CPU
		{2A829DE3-FCB2-4FEA-A6F3-B85122C8D11E}.Debug|x86.Build.0 = Debug|Any CPU
		{2A829DE3-FCB2-4FEA-A6F3-B85122C8D11E}.Release|Any CPU.ActiveCfg = Release|Any CPU
		{2A829DE3-FCB2-4FEA-A6F3-B85122C8D11E}.Release|Any CPU.Build.0 = Release|Any CPU
		{2A829DE3-FCB2-4FEA-A6F3-B85122C8D11E}.Release|x64.ActiveCfg = Release|Any CPU
		{2A829DE3-FCB2-4FEA-A6F3-B85122C8D11E}.Release|x64.Build.0 = Release|Any CPU
		{2A829DE3-FCB2-4FEA-A6F3-B85122C8D11E}.Release|x86.ActiveCfg = Release|Any CPU
		{2A829DE3-FCB2-4FEA-A6F3-B85122C8D11E}.Release|x86.Build.0 = Release|Any CPU
		{97EBBD32-8980-4243-9F90-BC7075B3EC8F}.Debug|Any CPU.ActiveCfg = Debug|Any CPU
		{97EBBD32-8980-4243-9F90-BC7075B3EC8F}.Debug|Any CPU.Build.0 = Debug|Any CPU
		{97EBBD32-8980-4243-9F90-BC7075B3EC8F}.Debug|x64.ActiveCfg = Debug|Any CPU
		{97EBBD32-8980-4243-9F90-BC7075B3EC8F}.Debug|x64.Build.0 = Debug|Any CPU
		{97EBBD32-8980-4243-9F90-BC7075B3EC8F}.Debug|x86.ActiveCfg = Debug|Any CPU
		{97EBBD32-8980-4243-9F90-BC7075B3EC8F}.Debug|x86.Build.0 = Debug|Any CPU
		{97EBBD32-8980-4243-9F90-BC7075B3EC8F}.Release|Any CPU.ActiveCfg = Release|Any CPU
		{97EBBD32-8980-4243-9F90-BC7075B3EC8F}.Release|Any CPU.Build.0 = Release|Any CPU
		{97EBBD32-8980-4243-9F90-BC7075B3EC8F}.Release|x64.ActiveCfg = Release|Any CPU
		{97EBBD32-8980-4243-9F90-BC7075B3EC8F}.Release|x64.Build.0 = Release|Any CPU
		{97EBBD32-8980-4243-9F90-BC7075B3EC8F}.Release|x86.ActiveCfg = Release|Any CPU
		{97EBBD32-8980-4243-9F90-BC7075B3EC8F}.Release|x86.Build.0 = Release|Any CPU
		{B4D5BABE-B7C5-4D73-9F8F-B5411866A1BE}.Debug|Any CPU.ActiveCfg = Debug|Any CPU
		{B4D5BABE-B7C5-4D73-9F8F-B5411866A1BE}.Debug|Any CPU.Build.0 = Debug|Any CPU
		{B4D5BABE-B7C5-4D73-9F8F-B5411866A1BE}.Debug|x64.ActiveCfg = Debug|Any CPU
		{B4D5BABE-B7C5-4D73-9F8F-B5411866A1BE}.Debug|x64.Build.0 = Debug|Any CPU
		{B4D5BABE-B7C5-4D73-9F8F-B5411866A1BE}.Debug|x86.ActiveCfg = Debug|Any CPU
		{B4D5BABE-B7C5-4D73-9F8F-B5411866A1BE}.Debug|x86.Build.0 = Debug|Any CPU
		{B4D5BABE-B7C5-4D73-9F8F-B5411866A1BE}.Release|Any CPU.ActiveCfg = Release|Any CPU
		{B4D5BABE-B7C5-4D73-9F8F-B5411866A1BE}.Release|Any CPU.Build.0 = Release|Any CPU
		{B4D5BABE-B7C5-4D73-9F8F-B5411866A1BE}.Release|x64.ActiveCfg = Release|Any CPU
		{B4D5BABE-B7C5-4D73-9F8F-B5411866A1BE}.Release|x64.Build.0 = Release|Any CPU
		{B4D5BABE-B7C5-4D73-9F8F-B5411866A1BE}.Release|x86.ActiveCfg = Release|Any CPU
		{B4D5BABE-B7C5-4D73-9F8F-B5411866A1BE}.Release|x86.Build.0 = Release|Any CPU
		{68AA41CC-6095-4889-8114-B9E1B3F08B75}.Debug|Any CPU.ActiveCfg = Debug|Any CPU
		{68AA41CC-6095-4889-8114-B9E1B3F08B75}.Debug|Any CPU.Build.0 = Debug|Any CPU
		{68AA41CC-6095-4889-8114-B9E1B3F08B75}.Debug|x64.ActiveCfg = Debug|Any CPU
		{68AA41CC-6095-4889-8114-B9E1B3F08B75}.Debug|x64.Build.0 = Debug|Any CPU
		{68AA41CC-6095-4889-8114-B9E1B3F08B75}.Debug|x86.ActiveCfg = Debug|Any CPU
		{68AA41CC-6095-4889-8114-B9E1B3F08B75}.Debug|x86.Build.0 = Debug|Any CPU
		{68AA41CC-6095-4889-8114-B9E1B3F08B75}.Release|Any CPU.ActiveCfg = Release|Any CPU
		{68AA41CC-6095-4889-8114-B9E1B3F08B75}.Release|Any CPU.Build.0 = Release|Any CPU
		{68AA41CC-6095-4889-8114-B9E1B3F08B75}.Release|x64.ActiveCfg = Release|Any CPU
		{68AA41CC-6095-4889-8114-B9E1B3F08B75}.Release|x64.Build.0 = Release|Any CPU
		{68AA41CC-6095-4889-8114-B9E1B3F08B75}.Release|x86.ActiveCfg = Release|Any CPU
		{68AA41CC-6095-4889-8114-B9E1B3F08B75}.Release|x86.Build.0 = Release|Any CPU
		{09D5BA00-5066-4FDF-81C5-DC5E469DB11F}.Debug|Any CPU.ActiveCfg = Debug|Any CPU
		{09D5BA00-5066-4FDF-81C5-DC5E469DB11F}.Debug|Any CPU.Build.0 = Debug|Any CPU
		{09D5BA00-5066-4FDF-81C5-DC5E469DB11F}.Debug|x64.ActiveCfg = Debug|Any CPU
		{09D5BA00-5066-4FDF-81C5-DC5E469DB11F}.Debug|x64.Build.0 = Debug|Any CPU
		{09D5BA00-5066-4FDF-81C5-DC5E469DB11F}.Debug|x86.ActiveCfg = Debug|Any CPU
		{09D5BA00-5066-4FDF-81C5-DC5E469DB11F}.Debug|x86.Build.0 = Debug|Any CPU
		{09D5BA00-5066-4FDF-81C5-DC5E469DB11F}.Release|Any CPU.ActiveCfg = Release|Any CPU
		{09D5BA00-5066-4FDF-81C5-DC5E469DB11F}.Release|Any CPU.Build.0 = Release|Any CPU
		{09D5BA00-5066-4FDF-81C5-DC5E469DB11F}.Release|x64.ActiveCfg = Release|Any CPU
		{09D5BA00-5066-4FDF-81C5-DC5E469DB11F}.Release|x64.Build.0 = Release|Any CPU
		{09D5BA00-5066-4FDF-81C5-DC5E469DB11F}.Release|x86.ActiveCfg = Release|Any CPU
		{09D5BA00-5066-4FDF-81C5-DC5E469DB11F}.Release|x86.Build.0 = Release|Any CPU
		{7B565BBE-97BE-4964-BA30-E9B8F70978ED}.Debug|Any CPU.ActiveCfg = Debug|Any CPU
		{7B565BBE-97BE-4964-BA30-E9B8F70978ED}.Debug|Any CPU.Build.0 = Debug|Any CPU
		{7B565BBE-97BE-4964-BA30-E9B8F70978ED}.Debug|x64.ActiveCfg = Debug|Any CPU
		{7B565BBE-97BE-4964-BA30-E9B8F70978ED}.Debug|x64.Build.0 = Debug|Any CPU
		{7B565BBE-97BE-4964-BA30-E9B8F70978ED}.Debug|x86.ActiveCfg = Debug|Any CPU
		{7B565BBE-97BE-4964-BA30-E9B8F70978ED}.Debug|x86.Build.0 = Debug|Any CPU
		{7B565BBE-97BE-4964-BA30-E9B8F70978ED}.Release|Any CPU.ActiveCfg = Release|Any CPU
		{7B565BBE-97BE-4964-BA30-E9B8F70978ED}.Release|Any CPU.Build.0 = Release|Any CPU
		{7B565BBE-97BE-4964-BA30-E9B8F70978ED}.Release|x64.ActiveCfg = Release|Any CPU
		{7B565BBE-97BE-4964-BA30-E9B8F70978ED}.Release|x64.Build.0 = Release|Any CPU
		{7B565BBE-97BE-4964-BA30-E9B8F70978ED}.Release|x86.ActiveCfg = Release|Any CPU
		{7B565BBE-97BE-4964-BA30-E9B8F70978ED}.Release|x86.Build.0 = Release|Any CPU
		{7D6AC09C-D5A1-436E-9437-BD3B3FCD3B64}.Debug|Any CPU.ActiveCfg = Debug|Any CPU
		{7D6AC09C-D5A1-436E-9437-BD3B3FCD3B64}.Debug|Any CPU.Build.0 = Debug|Any CPU
		{7D6AC09C-D5A1-436E-9437-BD3B3FCD3B64}.Debug|x64.ActiveCfg = Debug|Any CPU
		{7D6AC09C-D5A1-436E-9437-BD3B3FCD3B64}.Debug|x64.Build.0 = Debug|Any CPU
		{7D6AC09C-D5A1-436E-9437-BD3B3FCD3B64}.Debug|x86.ActiveCfg = Debug|Any CPU
		{7D6AC09C-D5A1-436E-9437-BD3B3FCD3B64}.Debug|x86.Build.0 = Debug|Any CPU
		{7D6AC09C-D5A1-436E-9437-BD3B3FCD3B64}.Release|Any CPU.ActiveCfg = Release|Any CPU
		{7D6AC09C-D5A1-436E-9437-BD3B3FCD3B64}.Release|Any CPU.Build.0 = Release|Any CPU
		{7D6AC09C-D5A1-436E-9437-BD3B3FCD3B64}.Release|x64.ActiveCfg = Release|Any CPU
		{7D6AC09C-D5A1-436E-9437-BD3B3FCD3B64}.Release|x64.Build.0 = Release|Any CPU
		{7D6AC09C-D5A1-436E-9437-BD3B3FCD3B64}.Release|x86.ActiveCfg = Release|Any CPU
		{7D6AC09C-D5A1-436E-9437-BD3B3FCD3B64}.Release|x86.Build.0 = Release|Any CPU
		{12D598FD-8FFA-4BAF-8594-FDB9834144FF}.Debug|Any CPU.ActiveCfg = Debug|Any CPU
		{12D598FD-8FFA-4BAF-8594-FDB9834144FF}.Debug|Any CPU.Build.0 = Debug|Any CPU
		{12D598FD-8FFA-4BAF-8594-FDB9834144FF}.Debug|x64.ActiveCfg = Debug|Any CPU
		{12D598FD-8FFA-4BAF-8594-FDB9834144FF}.Debug|x64.Build.0 = Debug|Any CPU
		{12D598FD-8FFA-4BAF-8594-FDB9834144FF}.Debug|x86.ActiveCfg = Debug|Any CPU
		{12D598FD-8FFA-4BAF-8594-FDB9834144FF}.Debug|x86.Build.0 = Debug|Any CPU
		{12D598FD-8FFA-4BAF-8594-FDB9834144FF}.Release|Any CPU.ActiveCfg = Release|Any CPU
		{12D598FD-8FFA-4BAF-8594-FDB9834144FF}.Release|Any CPU.Build.0 = Release|Any CPU
		{12D598FD-8FFA-4BAF-8594-FDB9834144FF}.Release|x64.ActiveCfg = Release|Any CPU
		{12D598FD-8FFA-4BAF-8594-FDB9834144FF}.Release|x64.Build.0 = Release|Any CPU
		{12D598FD-8FFA-4BAF-8594-FDB9834144FF}.Release|x86.ActiveCfg = Release|Any CPU
		{12D598FD-8FFA-4BAF-8594-FDB9834144FF}.Release|x86.Build.0 = Release|Any CPU
	EndGlobalSection
	GlobalSection(NestedProjects) = preSolution
		{2A829DE3-FCB2-4FEA-A6F3-B85122C8D11E} = {F5F87A9D-C304-4833-B107-D666317F6931}
		{97EBBD32-8980-4243-9F90-BC7075B3EC8F} = {F5F87A9D-C304-4833-B107-D666317F6931}
		{B4D5BABE-B7C5-4D73-9F8F-B5411866A1BE} = {F5F87A9D-C304-4833-B107-D666317F6931}
		{68AA41CC-6095-4889-8114-B9E1B3F08B75} = {F5F87A9D-C304-4833-B107-D666317F6931}
		{09D5BA00-5066-4FDF-81C5-DC5E469DB11F} = {F5F87A9D-C304-4833-B107-D666317F6931}
		{7B565BBE-97BE-4964-BA30-E9B8F70978ED} = {F5F87A9D-C304-4833-B107-D666317F6931}
		{FBA7FDE5-3884-4C46-A14E-3CDDC9091007} = {F5F87A9D-C304-4833-B107-D666317F6931}
		{7D6AC09C-D5A1-436E-9437-BD3B3FCD3B64} = {FBA7FDE5-3884-4C46-A14E-3CDDC9091007}
		{12D598FD-8FFA-4BAF-8594-FDB9834144FF} = {F5F87A9D-C304-4833-B107-D666317F6931}
	EndGlobalSection
EndGlobal
